// !$*UTF8*$!
{
	archiveVersion = 1;
	classes = {
	};
	objectVersion = 56;
	objects = {

/* Begin PBXBuildFile section */
		2E1D4F0B2B7289010065D9B2 /* .gitignore in Resources */ = {isa = PBXBuildFile; fileRef = 2E1D4F0A2B7289010065D9B2 /* .gitignore */; };
		2E1D4F0D2B7289140065D9B2 /* APIKey.swift in Sources */ = {isa = PBXBuildFile; fileRef = 2E1D4F0C2B7289140065D9B2 /* APIKey.swift */; };
		2E1D4F0F2B7289680065D9B2 /* ShoppingAPISessionManager.swift in Sources */ = {isa = PBXBuildFile; fileRef = 2E1D4F0E2B7289680065D9B2 /* ShoppingAPISessionManager.swift */; };
		2E1D4F112B728B980065D9B2 /* ShoppingAPI.swift in Sources */ = {isa = PBXBuildFile; fileRef = 2E1D4F102B728B980065D9B2 /* ShoppingAPI.swift */; };
		2E2ACBF92B8BA8A9006610AB /* ProfileImageViewModel.swift in Sources */ = {isa = PBXBuildFile; fileRef = 2E2ACBF82B8BA8A9006610AB /* ProfileImageViewModel.swift */; };
		2E32D2AF2B5BACB1007D60F8 /* MainViewController.swift in Sources */ = {isa = PBXBuildFile; fileRef = 2E32D2AE2B5BACB1007D60F8 /* MainViewController.swift */; };
		2E32D2B22B5BACDE007D60F8 /* RecentSearchTableViewCell.swift in Sources */ = {isa = PBXBuildFile; fileRef = 2E32D2B02B5BACDE007D60F8 /* RecentSearchTableViewCell.swift */; };
		2E778B682B8B4CDA00F3B662 /* Observable.swift in Sources */ = {isa = PBXBuildFile; fileRef = 2E778B672B8B4CDA00F3B662 /* Observable.swift */; };
		2E778B6A2B8B4D2F00F3B662 /* ProfileSettingViewModel.swift in Sources */ = {isa = PBXBuildFile; fileRef = 2E778B692B8B4D2F00F3B662 /* ProfileSettingViewModel.swift */; };
		2EBFFBDD2B5A538F0029CD35 /* AppDelegate.swift in Sources */ = {isa = PBXBuildFile; fileRef = 2EBFFBDC2B5A538F0029CD35 /* AppDelegate.swift */; };
		2EBFFBDF2B5A538F0029CD35 /* SceneDelegate.swift in Sources */ = {isa = PBXBuildFile; fileRef = 2EBFFBDE2B5A538F0029CD35 /* SceneDelegate.swift */; };
		2EBFFBE42B5A538F0029CD35 /* Main.storyboard in Resources */ = {isa = PBXBuildFile; fileRef = 2EBFFBE22B5A538F0029CD35 /* Main.storyboard */; };
		2EBFFBE62B5A53900029CD35 /* Assets.xcassets in Resources */ = {isa = PBXBuildFile; fileRef = 2EBFFBE52B5A53900029CD35 /* Assets.xcassets */; };
		2EBFFBE92B5A53900029CD35 /* LaunchScreen.storyboard in Resources */ = {isa = PBXBuildFile; fileRef = 2EBFFBE72B5A53900029CD35 /* LaunchScreen.storyboard */; };
		2EBFFBF72B5A55E60029CD35 /* UIColor+CustomColor.swift in Sources */ = {isa = PBXBuildFile; fileRef = 2EBFFBF62B5A55E60029CD35 /* UIColor+CustomColor.swift */; };
		2EBFFBFA2B5A560B0029CD35 /* Kingfisher in Frameworks */ = {isa = PBXBuildFile; productRef = 2EBFFBF92B5A560B0029CD35 /* Kingfisher */; };
		2EBFFBFD2B5A56150029CD35 /* Alamofire in Frameworks */ = {isa = PBXBuildFile; productRef = 2EBFFBFC2B5A56150029CD35 /* Alamofire */; };
		2EBFFBFF2B5A5E520029CD35 /* OnboardingViewController.swift in Sources */ = {isa = PBXBuildFile; fileRef = 2EBFFBFE2B5A5E520029CD35 /* OnboardingViewController.swift */; };
		2EBFFC012B5A5EE60029CD35 /* ProfileSettingViewController.swift in Sources */ = {isa = PBXBuildFile; fileRef = 2EBFFC002B5A5EE60029CD35 /* ProfileSettingViewController.swift */; };
		2EBFFC032B5A5F0A0029CD35 /* ProfileImageViewController.swift in Sources */ = {isa = PBXBuildFile; fileRef = 2EBFFC022B5A5F0A0029CD35 /* ProfileImageViewController.swift */; };
		2EBFFC062B5A60E60029CD35 /* TextFieldEffects in Frameworks */ = {isa = PBXBuildFile; productRef = 2EBFFC052B5A60E60029CD35 /* TextFieldEffects */; };
		2EBFFC0B2B5A9F960029CD35 /* ProfileImageCollectionViewCell.swift in Sources */ = {isa = PBXBuildFile; fileRef = 2EBFFC092B5A9F960029CD35 /* ProfileImageCollectionViewCell.swift */; };
		2EBFFC0C2B5A9F960029CD35 /* ProfileImageCollectionViewCell.xib in Resources */ = {isa = PBXBuildFile; fileRef = 2EBFFC0A2B5A9F960029CD35 /* ProfileImageCollectionViewCell.xib */; };
		2EBFFC0E2B5AA5170029CD35 /* UserDefaultManager.swift in Sources */ = {isa = PBXBuildFile; fileRef = 2EBFFC0D2B5AA5170029CD35 /* UserDefaultManager.swift */; };
		2ED0C00C2B60099B00107827 /* ShoppingAPIManager.swift in Sources */ = {isa = PBXBuildFile; fileRef = 2ED0C00B2B60099B00107827 /* ShoppingAPIManager.swift */; };
		2ED0C00E2B601AA700107827 /* UIViewController+Extension.swift in Sources */ = {isa = PBXBuildFile; fileRef = 2ED0C00D2B601AA700107827 /* UIViewController+Extension.swift */; };
		2ED6B5CA2B5D76F200F25D13 /* ProductDatailViewController.swift in Sources */ = {isa = PBXBuildFile; fileRef = 2ED6B5C92B5D76F200F25D13 /* ProductDatailViewController.swift */; };
		2ED6B5CC2B5D817400F25D13 /* SettingViewController.swift in Sources */ = {isa = PBXBuildFile; fileRef = 2ED6B5CB2B5D817400F25D13 /* SettingViewController.swift */; };
		2ED6B5CF2B5D817F00F25D13 /* SettingTableViewCell.swift in Sources */ = {isa = PBXBuildFile; fileRef = 2ED6B5CD2B5D817F00F25D13 /* SettingTableViewCell.swift */; };
		2ED6B5D02B5D817F00F25D13 /* SettingTableViewCell.xib in Resources */ = {isa = PBXBuildFile; fileRef = 2ED6B5CE2B5D817F00F25D13 /* SettingTableViewCell.xib */; };
		2EF02D302B67F56D008876BF /* ProfileImageView.swift in Sources */ = {isa = PBXBuildFile; fileRef = 2EF02D2F2B67F56D008876BF /* ProfileImageView.swift */; };
		2EF02D332B67F830008876BF /* SnapKit in Frameworks */ = {isa = PBXBuildFile; productRef = 2EF02D322B67F830008876BF /* SnapKit */; };
		2EF02D352B67F830008876BF /* SnapKit-Dynamic in Frameworks */ = {isa = PBXBuildFile; productRef = 2EF02D342B67F830008876BF /* SnapKit-Dynamic */; };
		2EFDF1192B5D0EAD00566070 /* SearchResultViewController.swift in Sources */ = {isa = PBXBuildFile; fileRef = 2EFDF1182B5D0EAD00566070 /* SearchResultViewController.swift */; };
		2EFDF11C2B5D0ECA00566070 /* SearchResultCollectionViewCell.swift in Sources */ = {isa = PBXBuildFile; fileRef = 2EFDF11A2B5D0ECA00566070 /* SearchResultCollectionViewCell.swift */; };
		2EFDF11D2B5D0ECA00566070 /* SearchResultCollectionViewCell.xib in Resources */ = {isa = PBXBuildFile; fileRef = 2EFDF11B2B5D0ECA00566070 /* SearchResultCollectionViewCell.xib */; };
		2EFDF1212B5D1AF700566070 /* Shopping.swift in Sources */ = {isa = PBXBuildFile; fileRef = 2EFDF1202B5D1AF700566070 /* Shopping.swift */; };
/* End PBXBuildFile section */

/* Begin PBXFileReference section */
		2E1D4F0A2B7289010065D9B2 /* .gitignore */ = {isa = PBXFileReference; lastKnownFileType = text; path = .gitignore; sourceTree = "<group>"; };
		2E1D4F0C2B7289140065D9B2 /* APIKey.swift */ = {isa = PBXFileReference; lastKnownFileType = sourcecode.swift; path = APIKey.swift; sourceTree = "<group>"; };
		2E1D4F0E2B7289680065D9B2 /* ShoppingAPISessionManager.swift */ = {isa = PBXFileReference; lastKnownFileType = sourcecode.swift; path = ShoppingAPISessionManager.swift; sourceTree = "<group>"; };
		2E1D4F102B728B980065D9B2 /* ShoppingAPI.swift */ = {isa = PBXFileReference; lastKnownFileType = sourcecode.swift; path = ShoppingAPI.swift; sourceTree = "<group>"; };
		2E2ACBF82B8BA8A9006610AB /* ProfileImageViewModel.swift */ = {isa = PBXFileReference; lastKnownFileType = sourcecode.swift; path = ProfileImageViewModel.swift; sourceTree = "<group>"; };
		2E32D2AE2B5BACB1007D60F8 /* MainViewController.swift */ = {isa = PBXFileReference; lastKnownFileType = sourcecode.swift; path = MainViewController.swift; sourceTree = "<group>"; };
		2E32D2B02B5BACDE007D60F8 /* RecentSearchTableViewCell.swift */ = {isa = PBXFileReference; lastKnownFileType = sourcecode.swift; path = RecentSearchTableViewCell.swift; sourceTree = "<group>"; };
		2E778B672B8B4CDA00F3B662 /* Observable.swift */ = {isa = PBXFileReference; lastKnownFileType = sourcecode.swift; path = Observable.swift; sourceTree = "<group>"; };
		2E778B692B8B4D2F00F3B662 /* ProfileSettingViewModel.swift */ = {isa = PBXFileReference; lastKnownFileType = sourcecode.swift; path = ProfileSettingViewModel.swift; sourceTree = "<group>"; };
		2EBFFBD92B5A538F0029CD35 /* SeSACShopping.app */ = {isa = PBXFileReference; explicitFileType = wrapper.application; includeInIndex = 0; path = SeSACShopping.app; sourceTree = BUILT_PRODUCTS_DIR; };
		2EBFFBDC2B5A538F0029CD35 /* AppDelegate.swift */ = {isa = PBXFileReference; lastKnownFileType = sourcecode.swift; path = AppDelegate.swift; sourceTree = "<group>"; };
		2EBFFBDE2B5A538F0029CD35 /* SceneDelegate.swift */ = {isa = PBXFileReference; lastKnownFileType = sourcecode.swift; path = SceneDelegate.swift; sourceTree = "<group>"; };
		2EBFFBE32B5A538F0029CD35 /* Base */ = {isa = PBXFileReference; lastKnownFileType = file.storyboard; name = Base; path = Base.lproj/Main.storyboard; sourceTree = "<group>"; };
		2EBFFBE52B5A53900029CD35 /* Assets.xcassets */ = {isa = PBXFileReference; lastKnownFileType = folder.assetcatalog; path = Assets.xcassets; sourceTree = "<group>"; };
		2EBFFBE82B5A53900029CD35 /* Base */ = {isa = PBXFileReference; lastKnownFileType = file.storyboard; name = Base; path = Base.lproj/LaunchScreen.storyboard; sourceTree = "<group>"; };
		2EBFFBEA2B5A53900029CD35 /* Info.plist */ = {isa = PBXFileReference; lastKnownFileType = text.plist.xml; path = Info.plist; sourceTree = "<group>"; };
		2EBFFBF62B5A55E60029CD35 /* UIColor+CustomColor.swift */ = {isa = PBXFileReference; lastKnownFileType = sourcecode.swift; path = "UIColor+CustomColor.swift"; sourceTree = "<group>"; };
		2EBFFBFE2B5A5E520029CD35 /* OnboardingViewController.swift */ = {isa = PBXFileReference; lastKnownFileType = sourcecode.swift; path = OnboardingViewController.swift; sourceTree = "<group>"; };
		2EBFFC002B5A5EE60029CD35 /* ProfileSettingViewController.swift */ = {isa = PBXFileReference; lastKnownFileType = sourcecode.swift; path = ProfileSettingViewController.swift; sourceTree = "<group>"; };
		2EBFFC022B5A5F0A0029CD35 /* ProfileImageViewController.swift */ = {isa = PBXFileReference; lastKnownFileType = sourcecode.swift; path = ProfileImageViewController.swift; sourceTree = "<group>"; };
		2EBFFC092B5A9F960029CD35 /* ProfileImageCollectionViewCell.swift */ = {isa = PBXFileReference; lastKnownFileType = sourcecode.swift; path = ProfileImageCollectionViewCell.swift; sourceTree = "<group>"; };
		2EBFFC0A2B5A9F960029CD35 /* ProfileImageCollectionViewCell.xib */ = {isa = PBXFileReference; lastKnownFileType = file.xib; path = ProfileImageCollectionViewCell.xib; sourceTree = "<group>"; };
		2EBFFC0D2B5AA5170029CD35 /* UserDefaultManager.swift */ = {isa = PBXFileReference; lastKnownFileType = sourcecode.swift; path = UserDefaultManager.swift; sourceTree = "<group>"; };
		2ED0C00B2B60099B00107827 /* ShoppingAPIManager.swift */ = {isa = PBXFileReference; lastKnownFileType = sourcecode.swift; path = ShoppingAPIManager.swift; sourceTree = "<group>"; };
		2ED0C00D2B601AA700107827 /* UIViewController+Extension.swift */ = {isa = PBXFileReference; lastKnownFileType = sourcecode.swift; path = "UIViewController+Extension.swift"; sourceTree = "<group>"; };
		2ED6B5C92B5D76F200F25D13 /* ProductDatailViewController.swift */ = {isa = PBXFileReference; lastKnownFileType = sourcecode.swift; path = ProductDatailViewController.swift; sourceTree = "<group>"; };
		2ED6B5CB2B5D817400F25D13 /* SettingViewController.swift */ = {isa = PBXFileReference; lastKnownFileType = sourcecode.swift; path = SettingViewController.swift; sourceTree = "<group>"; };
		2ED6B5CD2B5D817F00F25D13 /* SettingTableViewCell.swift */ = {isa = PBXFileReference; lastKnownFileType = sourcecode.swift; path = SettingTableViewCell.swift; sourceTree = "<group>"; };
		2ED6B5CE2B5D817F00F25D13 /* SettingTableViewCell.xib */ = {isa = PBXFileReference; lastKnownFileType = file.xib; path = SettingTableViewCell.xib; sourceTree = "<group>"; };
		2EF02D2F2B67F56D008876BF /* ProfileImageView.swift */ = {isa = PBXFileReference; lastKnownFileType = sourcecode.swift; path = ProfileImageView.swift; sourceTree = "<group>"; };
		2EFDF1182B5D0EAD00566070 /* SearchResultViewController.swift */ = {isa = PBXFileReference; lastKnownFileType = sourcecode.swift; path = SearchResultViewController.swift; sourceTree = "<group>"; };
		2EFDF11A2B5D0ECA00566070 /* SearchResultCollectionViewCell.swift */ = {isa = PBXFileReference; lastKnownFileType = sourcecode.swift; path = SearchResultCollectionViewCell.swift; sourceTree = "<group>"; };
		2EFDF11B2B5D0ECA00566070 /* SearchResultCollectionViewCell.xib */ = {isa = PBXFileReference; lastKnownFileType = file.xib; path = SearchResultCollectionViewCell.xib; sourceTree = "<group>"; };
		2EFDF1202B5D1AF700566070 /* Shopping.swift */ = {isa = PBXFileReference; lastKnownFileType = sourcecode.swift; path = Shopping.swift; sourceTree = "<group>"; };
/* End PBXFileReference section */

/* Begin PBXFrameworksBuildPhase section */
		2EBFFBD62B5A538F0029CD35 /* Frameworks */ = {
			isa = PBXFrameworksBuildPhase;
			buildActionMask = 2147483647;
			files = (
				2EF02D352B67F830008876BF /* SnapKit-Dynamic in Frameworks */,
				2EBFFC062B5A60E60029CD35 /* TextFieldEffects in Frameworks */,
				2EF02D332B67F830008876BF /* SnapKit in Frameworks */,
				2EBFFBFA2B5A560B0029CD35 /* Kingfisher in Frameworks */,
				2EBFFBFD2B5A56150029CD35 /* Alamofire in Frameworks */,
			);
			runOnlyForDeploymentPostprocessing = 0;
		};
/* End PBXFrameworksBuildPhase section */

/* Begin PBXGroup section */
		2E2ACBF42B8BA839006610AB /* ViewController */ = {
			isa = PBXGroup;
			children = (
				2EBFFC002B5A5EE60029CD35 /* ProfileSettingViewController.swift */,
			);
			path = ViewController;
			sourceTree = "<group>";
		};
		2E2ACBF52B8BA83F006610AB /* ViewModel */ = {
			isa = PBXGroup;
			children = (
				2E778B692B8B4D2F00F3B662 /* ProfileSettingViewModel.swift */,
			);
			path = ViewModel;
			sourceTree = "<group>";
		};
		2E2ACBF62B8BA849006610AB /* ViewController */ = {
			isa = PBXGroup;
			children = (
				2EBFFC022B5A5F0A0029CD35 /* ProfileImageViewController.swift */,
				2EBFFC092B5A9F960029CD35 /* ProfileImageCollectionViewCell.swift */,
				2EBFFC0A2B5A9F960029CD35 /* ProfileImageCollectionViewCell.xib */,
			);
			path = ViewController;
			sourceTree = "<group>";
		};
		2E2ACBF72B8BA84F006610AB /* ViewModel */ = {
			isa = PBXGroup;
			children = (
				2E2ACBF82B8BA8A9006610AB /* ProfileImageViewModel.swift */,
			);
			path = ViewModel;
			sourceTree = "<group>";
		};
		2E3CD5BB2B5E507F00E36DB5 /* Model */ = {
			isa = PBXGroup;
			children = (
				2EFDF1202B5D1AF700566070 /* Shopping.swift */,
			);
			path = Model;
			sourceTree = "<group>";
		};
		2E3CD5BC2B5E509B00E36DB5 /* Resource */ = {
			isa = PBXGroup;
			children = (
				2EBFFBE52B5A53900029CD35 /* Assets.xcassets */,
			);
			path = Resource;
			sourceTree = "<group>";
		};
		2E778B642B8B4C9100F3B662 /* Data */ = {
			isa = PBXGroup;
			children = (
				2E778B662B8B4CC800F3B662 /* Repository */,
				2E778B652B8B4CB600F3B662 /* Network */,
				2E3CD5BB2B5E507F00E36DB5 /* Model */,
			);
			path = Data;
			sourceTree = "<group>";
		};
		2E778B652B8B4CB600F3B662 /* Network */ = {
			isa = PBXGroup;
			children = (
				2E1D4F0C2B7289140065D9B2 /* APIKey.swift */,
				2E1D4F102B728B980065D9B2 /* ShoppingAPI.swift */,
				2ED0C00B2B60099B00107827 /* ShoppingAPIManager.swift */,
				2E1D4F0E2B7289680065D9B2 /* ShoppingAPISessionManager.swift */,
			);
			path = Network;
			sourceTree = "<group>";
		};
		2E778B662B8B4CC800F3B662 /* Repository */ = {
			isa = PBXGroup;
			children = (
				2E778B672B8B4CDA00F3B662 /* Observable.swift */,
			);
			path = Repository;
			sourceTree = "<group>";
		};
		2EBFFBD02B5A538F0029CD35 = {
			isa = PBXGroup;
			children = (
				2E1D4F0A2B7289010065D9B2 /* .gitignore */,
				2EBFFBDB2B5A538F0029CD35 /* SeSACShopping */,
				2EBFFBDA2B5A538F0029CD35 /* Products */,
			);
			sourceTree = "<group>";
		};
		2EBFFBDA2B5A538F0029CD35 /* Products */ = {
			isa = PBXGroup;
			children = (
				2EBFFBD92B5A538F0029CD35 /* SeSACShopping.app */,
			);
			name = Products;
			sourceTree = "<group>";
		};
		2EBFFBDB2B5A538F0029CD35 /* SeSACShopping */ = {
			isa = PBXGroup;
			children = (
				2EBFFBDC2B5A538F0029CD35 /* AppDelegate.swift */,
				2EBFFBDE2B5A538F0029CD35 /* SceneDelegate.swift */,
				2EBFFBE22B5A538F0029CD35 /* Main.storyboard */,
				2EBFFBE72B5A53900029CD35 /* LaunchScreen.storyboard */,
				2E778B642B8B4C9100F3B662 /* Data */,
				2EBFFBF02B5A53F70029CD35 /* Onboarding */,
				2EBFFBF12B5A54080029CD35 /* ProfileSetting */,
				2EBFFBF22B5A54120029CD35 /* Main */,
				2EBFFBF32B5A54190029CD35 /* SearchResult */,
				2EBFFBF42B5A54290029CD35 /* Settings */,
				2EBFFC0D2B5AA5170029CD35 /* UserDefaultManager.swift */,
				2EBFFBF52B5A55B30029CD35 /* Extension */,
				2EF02D2E2B67F547008876BF /* CustomView */,
				2E3CD5BC2B5E509B00E36DB5 /* Resource */,
				2EBFFBEA2B5A53900029CD35 /* Info.plist */,
			);
			path = SeSACShopping;
			sourceTree = "<group>";
		};
		2EBFFBF02B5A53F70029CD35 /* Onboarding */ = {
			isa = PBXGroup;
			children = (
				2EBFFBFE2B5A5E520029CD35 /* OnboardingViewController.swift */,
			);
			path = Onboarding;
			sourceTree = "<group>";
		};
		2EBFFBF12B5A54080029CD35 /* ProfileSetting */ = {
			isa = PBXGroup;
			children = (
				2EBFFC072B5A9F710029CD35 /* ProfileSetting */,
				2EBFFC082B5A9F780029CD35 /* ProfileImage */,
			);
			path = ProfileSetting;
			sourceTree = "<group>";
		};
		2EBFFBF22B5A54120029CD35 /* Main */ = {
			isa = PBXGroup;
			children = (
				2E32D2AE2B5BACB1007D60F8 /* MainViewController.swift */,
				2E32D2B02B5BACDE007D60F8 /* RecentSearchTableViewCell.swift */,
			);
			path = Main;
			sourceTree = "<group>";
		};
		2EBFFBF32B5A54190029CD35 /* SearchResult */ = {
			isa = PBXGroup;
			children = (
				2EFDF1182B5D0EAD00566070 /* SearchResultViewController.swift */,
				2EFDF11A2B5D0ECA00566070 /* SearchResultCollectionViewCell.swift */,
				2EFDF11B2B5D0ECA00566070 /* SearchResultCollectionViewCell.xib */,
				2ED6B5C92B5D76F200F25D13 /* ProductDatailViewController.swift */,
			);
			path = SearchResult;
			sourceTree = "<group>";
		};
		2EBFFBF42B5A54290029CD35 /* Settings */ = {
			isa = PBXGroup;
			children = (
				2ED6B5CB2B5D817400F25D13 /* SettingViewController.swift */,
				2ED6B5CD2B5D817F00F25D13 /* SettingTableViewCell.swift */,
				2ED6B5CE2B5D817F00F25D13 /* SettingTableViewCell.xib */,
			);
			path = Settings;
			sourceTree = "<group>";
		};
		2EBFFBF52B5A55B30029CD35 /* Extension */ = {
			isa = PBXGroup;
			children = (
				2EBFFBF62B5A55E60029CD35 /* UIColor+CustomColor.swift */,
				2ED0C00D2B601AA700107827 /* UIViewController+Extension.swift */,
			);
			path = Extension;
			sourceTree = "<group>";
		};
		2EBFFC072B5A9F710029CD35 /* ProfileSetting */ = {
			isa = PBXGroup;
			children = (
				2E2ACBF52B8BA83F006610AB /* ViewModel */,
				2E2ACBF42B8BA839006610AB /* ViewController */,
			);
			path = ProfileSetting;
			sourceTree = "<group>";
		};
		2EBFFC082B5A9F780029CD35 /* ProfileImage */ = {
			isa = PBXGroup;
			children = (
				2E2ACBF72B8BA84F006610AB /* ViewModel */,
				2E2ACBF62B8BA849006610AB /* ViewController */,
			);
			path = ProfileImage;
			sourceTree = "<group>";
		};
		2EF02D2E2B67F547008876BF /* CustomView */ = {
			isa = PBXGroup;
			children = (
				2EF02D2F2B67F56D008876BF /* ProfileImageView.swift */,
			);
			path = CustomView;
			sourceTree = "<group>";
		};
/* End PBXGroup section */

/* Begin PBXNativeTarget section */
		2EBFFBD82B5A538F0029CD35 /* SeSACShopping */ = {
			isa = PBXNativeTarget;
			buildConfigurationList = 2EBFFBED2B5A53900029CD35 /* Build configuration list for PBXNativeTarget "SeSACShopping" */;
			buildPhases = (
				2EBFFBD52B5A538F0029CD35 /* Sources */,
				2EBFFBD62B5A538F0029CD35 /* Frameworks */,
				2EBFFBD72B5A538F0029CD35 /* Resources */,
			);
			buildRules = (
			);
			dependencies = (
			);
			name = SeSACShopping;
			packageProductDependencies = (
				2EBFFBF92B5A560B0029CD35 /* Kingfisher */,
				2EBFFBFC2B5A56150029CD35 /* Alamofire */,
				2EBFFC052B5A60E60029CD35 /* TextFieldEffects */,
				2EF02D322B67F830008876BF /* SnapKit */,
				2EF02D342B67F830008876BF /* SnapKit-Dynamic */,
			);
			productName = SeSACShopping;
			productReference = 2EBFFBD92B5A538F0029CD35 /* SeSACShopping.app */;
			productType = "com.apple.product-type.application";
		};
/* End PBXNativeTarget section */

/* Begin PBXProject section */
		2EBFFBD12B5A538F0029CD35 /* Project object */ = {
			isa = PBXProject;
			attributes = {
				BuildIndependentTargetsInParallel = 1;
				LastSwiftUpdateCheck = 1520;
				LastUpgradeCheck = 1520;
				TargetAttributes = {
					2EBFFBD82B5A538F0029CD35 = {
						CreatedOnToolsVersion = 15.2;
					};
				};
			};
			buildConfigurationList = 2EBFFBD42B5A538F0029CD35 /* Build configuration list for PBXProject "SeSACShopping" */;
			compatibilityVersion = "Xcode 14.0";
			developmentRegion = en;
			hasScannedForEncodings = 0;
			knownRegions = (
				en,
				Base,
			);
			mainGroup = 2EBFFBD02B5A538F0029CD35;
			packageReferences = (
				2EBFFBF82B5A560B0029CD35 /* XCRemoteSwiftPackageReference "Kingfisher" */,
				2EBFFBFB2B5A56150029CD35 /* XCRemoteSwiftPackageReference "Alamofire" */,
				2EBFFC042B5A60E60029CD35 /* XCRemoteSwiftPackageReference "TextFieldEffects" */,
				2EF02D312B67F830008876BF /* XCRemoteSwiftPackageReference "SnapKit" */,
			);
			productRefGroup = 2EBFFBDA2B5A538F0029CD35 /* Products */;
			projectDirPath = "";
			projectRoot = "";
			targets = (
				2EBFFBD82B5A538F0029CD35 /* SeSACShopping */,
			);
		};
/* End PBXProject section */

/* Begin PBXResourcesBuildPhase section */
		2EBFFBD72B5A538F0029CD35 /* Resources */ = {
			isa = PBXResourcesBuildPhase;
			buildActionMask = 2147483647;
			files = (
				2EBFFBE92B5A53900029CD35 /* LaunchScreen.storyboard in Resources */,
				2E1D4F0B2B7289010065D9B2 /* .gitignore in Resources */,
				2EFDF11D2B5D0ECA00566070 /* SearchResultCollectionViewCell.xib in Resources */,
				2EBFFBE62B5A53900029CD35 /* Assets.xcassets in Resources */,
				2EBFFC0C2B5A9F960029CD35 /* ProfileImageCollectionViewCell.xib in Resources */,
				2ED6B5D02B5D817F00F25D13 /* SettingTableViewCell.xib in Resources */,
				2EBFFBE42B5A538F0029CD35 /* Main.storyboard in Resources */,
			);
			runOnlyForDeploymentPostprocessing = 0;
		};
/* End PBXResourcesBuildPhase section */

/* Begin PBXSourcesBuildPhase section */
		2EBFFBD52B5A538F0029CD35 /* Sources */ = {
			isa = PBXSourcesBuildPhase;
			buildActionMask = 2147483647;
			files = (
				2EBFFC032B5A5F0A0029CD35 /* ProfileImageViewController.swift in Sources */,
				2EBFFBDD2B5A538F0029CD35 /* AppDelegate.swift in Sources */,
				2EBFFC0E2B5AA5170029CD35 /* UserDefaultManager.swift in Sources */,
				2ED6B5CC2B5D817400F25D13 /* SettingViewController.swift in Sources */,
				2E1D4F0F2B7289680065D9B2 /* ShoppingAPISessionManager.swift in Sources */,
				2EBFFBF72B5A55E60029CD35 /* UIColor+CustomColor.swift in Sources */,
				2E1D4F112B728B980065D9B2 /* ShoppingAPI.swift in Sources */,
				2E32D2B22B5BACDE007D60F8 /* RecentSearchTableViewCell.swift in Sources */,
				2EBFFC012B5A5EE60029CD35 /* ProfileSettingViewController.swift in Sources */,
				2EBFFBDF2B5A538F0029CD35 /* SceneDelegate.swift in Sources */,
				2ED0C00E2B601AA700107827 /* UIViewController+Extension.swift in Sources */,
				2EFDF1212B5D1AF700566070 /* Shopping.swift in Sources */,
				2ED6B5CA2B5D76F200F25D13 /* ProductDatailViewController.swift in Sources */,
				2ED0C00C2B60099B00107827 /* ShoppingAPIManager.swift in Sources */,
				2EF02D302B67F56D008876BF /* ProfileImageView.swift in Sources */,
				2ED6B5CF2B5D817F00F25D13 /* SettingTableViewCell.swift in Sources */,
				2E1D4F0D2B7289140065D9B2 /* APIKey.swift in Sources */,
				2EFDF11C2B5D0ECA00566070 /* SearchResultCollectionViewCell.swift in Sources */,
				2E32D2AF2B5BACB1007D60F8 /* MainViewController.swift in Sources */,
				2E778B6A2B8B4D2F00F3B662 /* ProfileSettingViewModel.swift in Sources */,
				2EFDF1192B5D0EAD00566070 /* SearchResultViewController.swift in Sources */,
				2EBFFBFF2B5A5E520029CD35 /* OnboardingViewController.swift in Sources */,
				2E2ACBF92B8BA8A9006610AB /* ProfileImageViewModel.swift in Sources */,
				2EBFFC0B2B5A9F960029CD35 /* ProfileImageCollectionViewCell.swift in Sources */,
				2E778B682B8B4CDA00F3B662 /* Observable.swift in Sources */,
			);
			runOnlyForDeploymentPostprocessing = 0;
		};
/* End PBXSourcesBuildPhase section */

/* Begin PBXVariantGroup section */
		2EBFFBE22B5A538F0029CD35 /* Main.storyboard */ = {
			isa = PBXVariantGroup;
			children = (
				2EBFFBE32B5A538F0029CD35 /* Base */,
			);
			name = Main.storyboard;
			sourceTree = "<group>";
		};
		2EBFFBE72B5A53900029CD35 /* LaunchScreen.storyboard */ = {
			isa = PBXVariantGroup;
			children = (
				2EBFFBE82B5A53900029CD35 /* Base */,
			);
			name = LaunchScreen.storyboard;
			sourceTree = "<group>";
		};
/* End PBXVariantGroup section */

/* Begin XCBuildConfiguration section */
		2EBFFBEB2B5A53900029CD35 /* Debug */ = {
			isa = XCBuildConfiguration;
			buildSettings = {
				ALWAYS_SEARCH_USER_PATHS = NO;
				ASSETCATALOG_COMPILER_GENERATE_SWIFT_ASSET_SYMBOL_EXTENSIONS = YES;
				CLANG_ANALYZER_NONNULL = YES;
				CLANG_ANALYZER_NUMBER_OBJECT_CONVERSION = YES_AGGRESSIVE;
				CLANG_CXX_LANGUAGE_STANDARD = "gnu++20";
				CLANG_ENABLE_MODULES = YES;
				CLANG_ENABLE_OBJC_ARC = YES;
				CLANG_ENABLE_OBJC_WEAK = YES;
				CLANG_WARN_BLOCK_CAPTURE_AUTORELEASING = YES;
				CLANG_WARN_BOOL_CONVERSION = YES;
				CLANG_WARN_COMMA = YES;
				CLANG_WARN_CONSTANT_CONVERSION = YES;
				CLANG_WARN_DEPRECATED_OBJC_IMPLEMENTATIONS = YES;
				CLANG_WARN_DIRECT_OBJC_ISA_USAGE = YES_ERROR;
				CLANG_WARN_DOCUMENTATION_COMMENTS = YES;
				CLANG_WARN_EMPTY_BODY = YES;
				CLANG_WARN_ENUM_CONVERSION = YES;
				CLANG_WARN_INFINITE_RECURSION = YES;
				CLANG_WARN_INT_CONVERSION = YES;
				CLANG_WARN_NON_LITERAL_NULL_CONVERSION = YES;
				CLANG_WARN_OBJC_IMPLICIT_RETAIN_SELF = YES;
				CLANG_WARN_OBJC_LITERAL_CONVERSION = YES;
				CLANG_WARN_OBJC_ROOT_CLASS = YES_ERROR;
				CLANG_WARN_QUOTED_INCLUDE_IN_FRAMEWORK_HEADER = YES;
				CLANG_WARN_RANGE_LOOP_ANALYSIS = YES;
				CLANG_WARN_STRICT_PROTOTYPES = YES;
				CLANG_WARN_SUSPICIOUS_MOVE = YES;
				CLANG_WARN_UNGUARDED_AVAILABILITY = YES_AGGRESSIVE;
				CLANG_WARN_UNREACHABLE_CODE = YES;
				CLANG_WARN__DUPLICATE_METHOD_MATCH = YES;
				COPY_PHASE_STRIP = NO;
				DEBUG_INFORMATION_FORMAT = dwarf;
				ENABLE_STRICT_OBJC_MSGSEND = YES;
				ENABLE_TESTABILITY = YES;
				ENABLE_USER_SCRIPT_SANDBOXING = YES;
				GCC_C_LANGUAGE_STANDARD = gnu17;
				GCC_DYNAMIC_NO_PIC = NO;
				GCC_NO_COMMON_BLOCKS = YES;
				GCC_OPTIMIZATION_LEVEL = 0;
				GCC_PREPROCESSOR_DEFINITIONS = (
					"DEBUG=1",
					"$(inherited)",
				);
				GCC_WARN_64_TO_32_BIT_CONVERSION = YES;
				GCC_WARN_ABOUT_RETURN_TYPE = YES_ERROR;
				GCC_WARN_UNDECLARED_SELECTOR = YES;
				GCC_WARN_UNINITIALIZED_AUTOS = YES_AGGRESSIVE;
				GCC_WARN_UNUSED_FUNCTION = YES;
				GCC_WARN_UNUSED_VARIABLE = YES;
				IPHONEOS_DEPLOYMENT_TARGET = 15.0;
				LOCALIZATION_PREFERS_STRING_CATALOGS = YES;
				MTL_ENABLE_DEBUG_INFO = INCLUDE_SOURCE;
				MTL_FAST_MATH = YES;
				ONLY_ACTIVE_ARCH = YES;
				SDKROOT = iphoneos;
				SWIFT_ACTIVE_COMPILATION_CONDITIONS = "DEBUG $(inherited)";
				SWIFT_OPTIMIZATION_LEVEL = "-Onone";
			};
			name = Debug;
		};
		2EBFFBEC2B5A53900029CD35 /* Release */ = {
			isa = XCBuildConfiguration;
			buildSettings = {
				ALWAYS_SEARCH_USER_PATHS = NO;
				ASSETCATALOG_COMPILER_GENERATE_SWIFT_ASSET_SYMBOL_EXTENSIONS = YES;
				CLANG_ANALYZER_NONNULL = YES;
				CLANG_ANALYZER_NUMBER_OBJECT_CONVERSION = YES_AGGRESSIVE;
				CLANG_CXX_LANGUAGE_STANDARD = "gnu++20";
				CLANG_ENABLE_MODULES = YES;
				CLANG_ENABLE_OBJC_ARC = YES;
				CLANG_ENABLE_OBJC_WEAK = YES;
				CLANG_WARN_BLOCK_CAPTURE_AUTORELEASING = YES;
				CLANG_WARN_BOOL_CONVERSION = YES;
				CLANG_WARN_COMMA = YES;
				CLANG_WARN_CONSTANT_CONVERSION = YES;
				CLANG_WARN_DEPRECATED_OBJC_IMPLEMENTATIONS = YES;
				CLANG_WARN_DIRECT_OBJC_ISA_USAGE = YES_ERROR;
				CLANG_WARN_DOCUMENTATION_COMMENTS = YES;
				CLANG_WARN_EMPTY_BODY = YES;
				CLANG_WARN_ENUM_CONVERSION = YES;
				CLANG_WARN_INFINITE_RECURSION = YES;
				CLANG_WARN_INT_CONVERSION = YES;
				CLANG_WARN_NON_LITERAL_NULL_CONVERSION = YES;
				CLANG_WARN_OBJC_IMPLICIT_RETAIN_SELF = YES;
				CLANG_WARN_OBJC_LITERAL_CONVERSION = YES;
				CLANG_WARN_OBJC_ROOT_CLASS = YES_ERROR;
				CLANG_WARN_QUOTED_INCLUDE_IN_FRAMEWORK_HEADER = YES;
				CLANG_WARN_RANGE_LOOP_ANALYSIS = YES;
				CLANG_WARN_STRICT_PROTOTYPES = YES;
				CLANG_WARN_SUSPICIOUS_MOVE = YES;
				CLANG_WARN_UNGUARDED_AVAILABILITY = YES_AGGRESSIVE;
				CLANG_WARN_UNREACHABLE_CODE = YES;
				CLANG_WARN__DUPLICATE_METHOD_MATCH = YES;
				COPY_PHASE_STRIP = NO;
				DEBUG_INFORMATION_FORMAT = "dwarf-with-dsym";
				ENABLE_NS_ASSERTIONS = NO;
				ENABLE_STRICT_OBJC_MSGSEND = YES;
				ENABLE_USER_SCRIPT_SANDBOXING = YES;
				GCC_C_LANGUAGE_STANDARD = gnu17;
				GCC_NO_COMMON_BLOCKS = YES;
				GCC_WARN_64_TO_32_BIT_CONVERSION = YES;
				GCC_WARN_ABOUT_RETURN_TYPE = YES_ERROR;
				GCC_WARN_UNDECLARED_SELECTOR = YES;
				GCC_WARN_UNINITIALIZED_AUTOS = YES_AGGRESSIVE;
				GCC_WARN_UNUSED_FUNCTION = YES;
				GCC_WARN_UNUSED_VARIABLE = YES;
				IPHONEOS_DEPLOYMENT_TARGET = 15.0;
				LOCALIZATION_PREFERS_STRING_CATALOGS = YES;
				MTL_ENABLE_DEBUG_INFO = NO;
				MTL_FAST_MATH = YES;
				SDKROOT = iphoneos;
				SWIFT_COMPILATION_MODE = wholemodule;
				VALIDATE_PRODUCT = YES;
			};
			name = Release;
		};
		2EBFFBEE2B5A53900029CD35 /* Debug */ = {
			isa = XCBuildConfiguration;
			buildSettings = {
				ASSETCATALOG_COMPILER_APPICON_NAME = AppIcon;
				ASSETCATALOG_COMPILER_GLOBAL_ACCENT_COLOR_NAME = AccentColor;
				CODE_SIGN_STYLE = Automatic;
				CURRENT_PROJECT_VERSION = 1;
				DEVELOPMENT_TEAM = Q37X3LG46V;
				GENERATE_INFOPLIST_FILE = YES;
				INFOPLIST_FILE = SeSACShopping/Info.plist;
				INFOPLIST_KEY_CFBundleDisplayName = "정휘진";
				INFOPLIST_KEY_UIApplicationSupportsIndirectInputEvents = YES;
				INFOPLIST_KEY_UILaunchStoryboardName = LaunchScreen;
				INFOPLIST_KEY_UIMainStoryboardFile = Main;
				INFOPLIST_KEY_UISupportedInterfaceOrientations_iPad = "UIInterfaceOrientationPortrait UIInterfaceOrientationPortraitUpsideDown UIInterfaceOrientationLandscapeLeft UIInterfaceOrientationLandscapeRight";
				INFOPLIST_KEY_UISupportedInterfaceOrientations_iPhone = "UIInterfaceOrientationPortrait UIInterfaceOrientationLandscapeLeft UIInterfaceOrientationLandscapeRight";
				LD_RUNPATH_SEARCH_PATHS = (
					"$(inherited)",
					"@executable_path/Frameworks",
				);
				MARKETING_VERSION = 1.0;
				PRODUCT_BUNDLE_IDENTIFIER = hwijin.SeSACShopping;
				PRODUCT_NAME = "$(TARGET_NAME)";
				SUPPORTED_PLATFORMS = "iphoneos iphonesimulator";
				SUPPORTS_MACCATALYST = NO;
				SUPPORTS_MAC_DESIGNED_FOR_IPHONE_IPAD = NO;
				SUPPORTS_XR_DESIGNED_FOR_IPHONE_IPAD = NO;
				SWIFT_EMIT_LOC_STRINGS = YES;
				SWIFT_VERSION = 5.0;
				TARGETED_DEVICE_FAMILY = 1;
			};
			name = Debug;
		};
		2EBFFBEF2B5A53900029CD35 /* Release */ = {
			isa = XCBuildConfiguration;
			buildSettings = {
				ASSETCATALOG_COMPILER_APPICON_NAME = AppIcon;
				ASSETCATALOG_COMPILER_GLOBAL_ACCENT_COLOR_NAME = AccentColor;
				CODE_SIGN_STYLE = Automatic;
				CURRENT_PROJECT_VERSION = 1;
				DEVELOPMENT_TEAM = Q37X3LG46V;
				GENERATE_INFOPLIST_FILE = YES;
				INFOPLIST_FILE = SeSACShopping/Info.plist;
				INFOPLIST_KEY_CFBundleDisplayName = "정휘진";
				INFOPLIST_KEY_UIApplicationSupportsIndirectInputEvents = YES;
				INFOPLIST_KEY_UILaunchStoryboardName = LaunchScreen;
				INFOPLIST_KEY_UIMainStoryboardFile = Main;
				INFOPLIST_KEY_UISupportedInterfaceOrientations_iPad = "UIInterfaceOrientationPortrait UIInterfaceOrientationPortraitUpsideDown UIInterfaceOrientationLandscapeLeft UIInterfaceOrientationLandscapeRight";
				INFOPLIST_KEY_UISupportedInterfaceOrientations_iPhone = "UIInterfaceOrientationPortrait UIInterfaceOrientationLandscapeLeft UIInterfaceOrientationLandscapeRight";
				LD_RUNPATH_SEARCH_PATHS = (
					"$(inherited)",
					"@executable_path/Frameworks",
				);
				MARKETING_VERSION = 1.0;
				PRODUCT_BUNDLE_IDENTIFIER = hwijin.SeSACShopping;
				PRODUCT_NAME = "$(TARGET_NAME)";
				SUPPORTED_PLATFORMS = "iphoneos iphonesimulator";
				SUPPORTS_MACCATALYST = NO;
				SUPPORTS_MAC_DESIGNED_FOR_IPHONE_IPAD = NO;
				SUPPORTS_XR_DESIGNED_FOR_IPHONE_IPAD = NO;
				SWIFT_EMIT_LOC_STRINGS = YES;
				SWIFT_VERSION = 5.0;
				TARGETED_DEVICE_FAMILY = 1;
			};
			name = Release;
		};
/* End XCBuildConfiguration section */

/* Begin XCConfigurationList section */
		2EBFFBD42B5A538F0029CD35 /* Build configuration list for PBXProject "SeSACShopping" */ = {
			isa = XCConfigurationList;
			buildConfigurations = (
				2EBFFBEB2B5A53900029CD35 /* Debug */,
				2EBFFBEC2B5A53900029CD35 /* Release */,
			);
			defaultConfigurationIsVisible = 0;
			defaultConfigurationName = Release;
		};
		2EBFFBED2B5A53900029CD35 /* Build configuration list for PBXNativeTarget "SeSACShopping" */ = {
			isa = XCConfigurationList;
			buildConfigurations = (
				2EBFFBEE2B5A53900029CD35 /* Debug */,
				2EBFFBEF2B5A53900029CD35 /* Release */,
			);
			defaultConfigurationIsVisible = 0;
			defaultConfigurationName = Release;
		};
/* End XCConfigurationList section */

/* Begin XCRemoteSwiftPackageReference section */
		2EBFFBF82B5A560B0029CD35 /* XCRemoteSwiftPackageReference "Kingfisher" */ = {
			isa = XCRemoteSwiftPackageReference;
			repositoryURL = "https://github.com/onevcat/Kingfisher";
			requirement = {
				kind = upToNextMajorVersion;
				minimumVersion = 7.10.2;
			};
		};
		2EBFFBFB2B5A56150029CD35 /* XCRemoteSwiftPackageReference "Alamofire" */ = {
			isa = XCRemoteSwiftPackageReference;
			repositoryURL = "https://github.com/Alamofire/Alamofire";
			requirement = {
				kind = upToNextMajorVersion;
				minimumVersion = 5.8.1;
			};
		};
		2EBFFC042B5A60E60029CD35 /* XCRemoteSwiftPackageReference "TextFieldEffects" */ = {
			isa = XCRemoteSwiftPackageReference;
			repositoryURL = "https://github.com/raulriera/TextFieldEffects.git";
			requirement = {
				kind = upToNextMajorVersion;
				minimumVersion = 1.7.0;
			};
		};
		2EF02D312B67F830008876BF /* XCRemoteSwiftPackageReference "SnapKit" */ = {
			isa = XCRemoteSwiftPackageReference;
			repositoryURL = "https://github.com/SnapKit/SnapKit.git";
			requirement = {
				kind = upToNextMajorVersion;
				minimumVersion = 5.7.0;
			};
		};
/* End XCRemoteSwiftPackageReference section */

/* Begin XCSwiftPackageProductDependency section */
		2EBFFBF92B5A560B0029CD35 /* Kingfisher */ = {
			isa = XCSwiftPackageProductDependency;
			package = 2EBFFBF82B5A560B0029CD35 /* XCRemoteSwiftPackageReference "Kingfisher" */;
			productName = Kingfisher;
		};
		2EBFFBFC2B5A56150029CD35 /* Alamofire */ = {
			isa = XCSwiftPackageProductDependency;
			package = 2EBFFBFB2B5A56150029CD35 /* XCRemoteSwiftPackageReference "Alamofire" */;
			productName = Alamofire;
		};
		2EBFFC052B5A60E60029CD35 /* TextFieldEffects */ = {
			isa = XCSwiftPackageProductDependency;
			package = 2EBFFC042B5A60E60029CD35 /* XCRemoteSwiftPackageReference "TextFieldEffects" */;
			productName = TextFieldEffects;
		};
		2EF02D322B67F830008876BF /* SnapKit */ = {
			isa = XCSwiftPackageProductDependency;
			package = 2EF02D312B67F830008876BF /* XCRemoteSwiftPackageReference "SnapKit" */;
			productName = SnapKit;
		};
		2EF02D342B67F830008876BF /* SnapKit-Dynamic */ = {
			isa = XCSwiftPackageProductDependency;
			package = 2EF02D312B67F830008876BF /* XCRemoteSwiftPackageReference "SnapKit" */;
			productName = "SnapKit-Dynamic";
		};
/* End XCSwiftPackageProductDependency section */
	};
	rootObject = 2EBFFBD12B5A538F0029CD35 /* Project object */;
}
